// !$*UTF8*$!
{
	archiveVersion = 1;
	classes = {
	};
	objectVersion = 46;
	objects = {

/* Begin PBXBuildFile section */
		F7931BE3404F1C51052C46AB /* libPods-wechat.a in Frameworks */ = {isa = PBXBuildFile; fileRef = 00A91179F0AA8ACF951BB294 /* libPods-wechat.a */; };
		F89CCA821CE470C500712D36 /* QHCLoginViewController.m in Sources */ = {isa = PBXBuildFile; fileRef = F89CCA671CE470C500712D36 /* QHCLoginViewController.m */; };
		F89CCA831CE470C500712D36 /* AppDelegate.m in Sources */ = {isa = PBXBuildFile; fileRef = F89CCA701CE470C500712D36 /* AppDelegate.m */; };
		F89CCA841CE470C500712D36 /* UIView+AdjustFrame.m in Sources */ = {isa = PBXBuildFile; fileRef = F89CCA731CE470C500712D36 /* UIView+AdjustFrame.m */; };
		F89CCA851CE470C500712D36 /* Assets.xcassets in Resources */ = {isa = PBXBuildFile; fileRef = F89CCA751CE470C500712D36 /* Assets.xcassets */; };
		F89CCA861CE470C500712D36 /* Info.plist in Resources */ = {isa = PBXBuildFile; fileRef = F89CCA761CE470C500712D36 /* Info.plist */; };
		F89CCA871CE470C500712D36 /* main.m in Sources */ = {isa = PBXBuildFile; fileRef = F89CCA771CE470C500712D36 /* main.m */; };
		F89CCA881CE470C500712D36 /* wechat.xcdatamodeld in Sources */ = {isa = PBXBuildFile; fileRef = F89CCA781CE470C500712D36 /* wechat.xcdatamodeld */; };
		F89CCA8A1CE470C500712D36 /* QHCTabBarController.m in Sources */ = {isa = PBXBuildFile; fileRef = F89CCA7E1CE470C500712D36 /* QHCTabBarController.m */; };
		F89CCA8D1CE4717800712D36 /* QHCWeCahtViewController.m in Sources */ = {isa = PBXBuildFile; fileRef = F89CCA8C1CE4717800712D36 /* QHCWeCahtViewController.m */; };
		F89CCA901CE4718A00712D36 /* QHCContactsViewController.m in Sources */ = {isa = PBXBuildFile; fileRef = F89CCA8F1CE4718A00712D36 /* QHCContactsViewController.m */; };
		F89CCA931CE4719D00712D36 /* QHCDiscoverViewController.m in Sources */ = {isa = PBXBuildFile; fileRef = F89CCA921CE4719D00712D36 /* QHCDiscoverViewController.m */; };
		F89CCA981CE471FF00712D36 /* QHCMeViewController.m in Sources */ = {isa = PBXBuildFile; fileRef = F89CCA971CE471FF00712D36 /* QHCMeViewController.m */; };
		F89CCA9A1CE4807100712D36 /* Images.xcassets in Resources */ = {isa = PBXBuildFile; fileRef = F89CCA991CE4807100712D36 /* Images.xcassets */; };
		F89CCA9D1CE4953F00712D36 /* QHCNavigationController.m in Sources */ = {isa = PBXBuildFile; fileRef = F89CCA9C1CE4953F00712D36 /* QHCNavigationController.m */; };
		F89CCAA01CE49B6E00712D36 /* QHCNewFriendsViewController.m in Sources */ = {isa = PBXBuildFile; fileRef = F89CCA9F1CE49B6E00712D36 /* QHCNewFriendsViewController.m */; };
/* End PBXBuildFile section */

/* Begin PBXFileReference section */
		00A91179F0AA8ACF951BB294 /* libPods-wechat.a */ = {isa = PBXFileReference; explicitFileType = archive.ar; includeInIndex = 0; path = "libPods-wechat.a"; sourceTree = BUILT_PRODUCTS_DIR; };
		5F0C2FC9FDF0C71F6D801BD8 /* Pods-wechat.release.xcconfig */ = {isa = PBXFileReference; includeInIndex = 1; lastKnownFileType = text.xcconfig; name = "Pods-wechat.release.xcconfig"; path = "Pods/Target Support Files/Pods-wechat/Pods-wechat.release.xcconfig"; sourceTree = "<group>"; };
		8221B9032F6A6EA66657BB31 /* Pods-wechat.debug.xcconfig */ = {isa = PBXFileReference; includeInIndex = 1; lastKnownFileType = text.xcconfig; name = "Pods-wechat.debug.xcconfig"; path = "Pods/Target Support Files/Pods-wechat/Pods-wechat.debug.xcconfig"; sourceTree = "<group>"; };
		F89CCA151CE4313E00712D36 /* wechat.app */ = {isa = PBXFileReference; explicitFileType = wrapper.application; includeInIndex = 0; path = wechat.app; sourceTree = BUILT_PRODUCTS_DIR; };
		F89CCA661CE470C500712D36 /* QHCLoginViewController.h */ = {isa = PBXFileReference; fileEncoding = 4; lastKnownFileType = sourcecode.c.h; path = QHCLoginViewController.h; sourceTree = "<group>"; };
		F89CCA671CE470C500712D36 /* QHCLoginViewController.m */ = {isa = PBXFileReference; fileEncoding = 4; lastKnownFileType = sourcecode.c.objc; path = QHCLoginViewController.m; sourceTree = "<group>"; };
		F89CCA6F1CE470C500712D36 /* AppDelegate.h */ = {isa = PBXFileReference; fileEncoding = 4; lastKnownFileType = sourcecode.c.h; path = AppDelegate.h; sourceTree = "<group>"; };
		F89CCA701CE470C500712D36 /* AppDelegate.m */ = {isa = PBXFileReference; fileEncoding = 4; lastKnownFileType = sourcecode.c.objc; path = AppDelegate.m; sourceTree = "<group>"; };
		F89CCA721CE470C500712D36 /* UIView+AdjustFrame.h */ = {isa = PBXFileReference; fileEncoding = 4; lastKnownFileType = sourcecode.c.h; path = "UIView+AdjustFrame.h"; sourceTree = "<group>"; };
		F89CCA731CE470C500712D36 /* UIView+AdjustFrame.m */ = {isa = PBXFileReference; fileEncoding = 4; lastKnownFileType = sourcecode.c.objc; path = "UIView+AdjustFrame.m"; sourceTree = "<group>"; };
		F89CCA751CE470C500712D36 /* Assets.xcassets */ = {isa = PBXFileReference; lastKnownFileType = folder.assetcatalog; path = Assets.xcassets; sourceTree = "<group>"; };
		F89CCA761CE470C500712D36 /* Info.plist */ = {isa = PBXFileReference; fileEncoding = 4; lastKnownFileType = text.plist.xml; path = Info.plist; sourceTree = "<group>"; };
		F89CCA771CE470C500712D36 /* main.m */ = {isa = PBXFileReference; fileEncoding = 4; lastKnownFileType = sourcecode.c.objc; path = main.m; sourceTree = "<group>"; };
		F89CCA791CE470C500712D36 /* wechat.xcdatamodel */ = {isa = PBXFileReference; lastKnownFileType = wrapper.xcdatamodel; path = wechat.xcdatamodel; sourceTree = "<group>"; };
		F89CCA7D1CE470C500712D36 /* QHCTabBarController.h */ = {isa = PBXFileReference; fileEncoding = 4; lastKnownFileType = sourcecode.c.h; path = QHCTabBarController.h; sourceTree = "<group>"; };
		F89CCA7E1CE470C500712D36 /* QHCTabBarController.m */ = {isa = PBXFileReference; fileEncoding = 4; lastKnownFileType = sourcecode.c.objc; path = QHCTabBarController.m; sourceTree = "<group>"; };
		F89CCA8B1CE4717800712D36 /* QHCWeCahtViewController.h */ = {isa = PBXFileReference; fileEncoding = 4; lastKnownFileType = sourcecode.c.h; path = QHCWeCahtViewController.h; sourceTree = "<group>"; };
		F89CCA8C1CE4717800712D36 /* QHCWeCahtViewController.m */ = {isa = PBXFileReference; fileEncoding = 4; lastKnownFileType = sourcecode.c.objc; path = QHCWeCahtViewController.m; sourceTree = "<group>"; };
		F89CCA8E1CE4718A00712D36 /* QHCContactsViewController.h */ = {isa = PBXFileReference; fileEncoding = 4; lastKnownFileType = sourcecode.c.h; path = QHCContactsViewController.h; sourceTree = "<group>"; };
		F89CCA8F1CE4718A00712D36 /* QHCContactsViewController.m */ = {isa = PBXFileReference; fileEncoding = 4; lastKnownFileType = sourcecode.c.objc; path = QHCContactsViewController.m; sourceTree = "<group>"; };
		F89CCA911CE4719D00712D36 /* QHCDiscoverViewController.h */ = {isa = PBXFileReference; fileEncoding = 4; lastKnownFileType = sourcecode.c.h; path = QHCDiscoverViewController.h; sourceTree = "<group>"; };
		F89CCA921CE4719D00712D36 /* QHCDiscoverViewController.m */ = {isa = PBXFileReference; fileEncoding = 4; lastKnownFileType = sourcecode.c.objc; path = QHCDiscoverViewController.m; sourceTree = "<group>"; };
		F89CCA961CE471FF00712D36 /* QHCMeViewController.h */ = {isa = PBXFileReference; fileEncoding = 4; lastKnownFileType = sourcecode.c.h; path = QHCMeViewController.h; sourceTree = "<group>"; };
		F89CCA971CE471FF00712D36 /* QHCMeViewController.m */ = {isa = PBXFileReference; fileEncoding = 4; lastKnownFileType = sourcecode.c.objc; path = QHCMeViewController.m; sourceTree = "<group>"; };
		F89CCA991CE4807100712D36 /* Images.xcassets */ = {isa = PBXFileReference; lastKnownFileType = folder.assetcatalog; path = Images.xcassets; sourceTree = "<group>"; };
		F89CCA9B1CE4953F00712D36 /* QHCNavigationController.h */ = {isa = PBXFileReference; fileEncoding = 4; lastKnownFileType = sourcecode.c.h; path = QHCNavigationController.h; sourceTree = "<group>"; };
		F89CCA9C1CE4953F00712D36 /* QHCNavigationController.m */ = {isa = PBXFileReference; fileEncoding = 4; lastKnownFileType = sourcecode.c.objc; path = QHCNavigationController.m; sourceTree = "<group>"; };
		F89CCA9E1CE49B6E00712D36 /* QHCNewFriendsViewController.h */ = {isa = PBXFileReference; fileEncoding = 4; lastKnownFileType = sourcecode.c.h; path = QHCNewFriendsViewController.h; sourceTree = "<group>"; };
		F89CCA9F1CE49B6E00712D36 /* QHCNewFriendsViewController.m */ = {isa = PBXFileReference; fileEncoding = 4; lastKnownFileType = sourcecode.c.objc; path = QHCNewFriendsViewController.m; sourceTree = "<group>"; };
/* End PBXFileReference section */

/* Begin PBXFrameworksBuildPhase section */
		F89CCA121CE4313E00712D36 /* Frameworks */ = {
			isa = PBXFrameworksBuildPhase;
			buildActionMask = 2147483647;
			files = (
				F7931BE3404F1C51052C46AB /* libPods-wechat.a in Frameworks */,
			);
			runOnlyForDeploymentPostprocessing = 0;
		};
/* End PBXFrameworksBuildPhase section */

/* Begin PBXGroup section */
		D58D3409A0AEE99E70561A6D /* Frameworks */ = {
			isa = PBXGroup;
			children = (
				00A91179F0AA8ACF951BB294 /* libPods-wechat.a */,
			);
			name = Frameworks;
			sourceTree = "<group>";
		};
		EAF89CC74C992A02487D2D65 /* Pods */ = {
			isa = PBXGroup;
			children = (
				8221B9032F6A6EA66657BB31 /* Pods-wechat.debug.xcconfig */,
				5F0C2FC9FDF0C71F6D801BD8 /* Pods-wechat.release.xcconfig */,
			);
			name = Pods;
			sourceTree = "<group>";
		};
		F89CCA0C1CE4313E00712D36 = {
			isa = PBXGroup;
			children = (
				F89CCA171CE4313E00712D36 /* wechat */,
				F89CCA161CE4313E00712D36 /* Products */,
				EAF89CC74C992A02487D2D65 /* Pods */,
				D58D3409A0AEE99E70561A6D /* Frameworks */,
			);
			sourceTree = "<group>";
		};
		F89CCA161CE4313E00712D36 /* Products */ = {
			isa = PBXGroup;
			children = (
				F89CCA151CE4313E00712D36 /* wechat.app */,
			);
			name = Products;
			sourceTree = "<group>";
		};
		F89CCA171CE4313E00712D36 /* wechat */ = {
			isa = PBXGroup;
			children = (
				F89CCA5D1CE470C500712D36 /* Classes */,
				F89CCA991CE4807100712D36 /* Images.xcassets */,
				F89CCA181CE4313E00712D36 /* Supporting Files */,
			);
			path = wechat;
			sourceTree = "<group>";
		};
		F89CCA181CE4313E00712D36 /* Supporting Files */ = {
			isa = PBXGroup;
			children = (
			);
			name = "Supporting Files";
			sourceTree = "<group>";
		};
		F89CCA5D1CE470C500712D36 /* Classes */ = {
			isa = PBXGroup;
			children = (
				F89CCA641CE470C500712D36 /* Login */,
				F89CCA691CE470C500712D36 /* Main */,
				F89CCA7F1CE470C500712D36 /* WeChat */,
				F89CCA5E1CE470C500712D36 /* Contacts */,
				F89CCA611CE470C500712D36 /* Discover */,
				F89CCA6C1CE470C500712D36 /* Me */,
				F89CCA6D1CE470C500712D36 /* Other */,
			);
			path = Classes;
			sourceTree = "<group>";
		};
		F89CCA5E1CE470C500712D36 /* Contacts */ = {
			isa = PBXGroup;
			children = (
				F89CCA5F1CE470C500712D36 /* Controller */,
				F89CCA601CE470C500712D36 /* View */,
			);
			path = Contacts;
			sourceTree = "<group>";
		};
		F89CCA5F1CE470C500712D36 /* Controller */ = {
			isa = PBXGroup;
			children = (
				F89CCA8E1CE4718A00712D36 /* QHCContactsViewController.h */,
				F89CCA8F1CE4718A00712D36 /* QHCContactsViewController.m */,
				F89CCA9E1CE49B6E00712D36 /* QHCNewFriendsViewController.h */,
				F89CCA9F1CE49B6E00712D36 /* QHCNewFriendsViewController.m */,
			);
			path = Controller;
			sourceTree = "<group>";
		};
		F89CCA601CE470C500712D36 /* View */ = {
			isa = PBXGroup;
			children = (
			);
			path = View;
			sourceTree = "<group>";
		};
		F89CCA611CE470C500712D36 /* Discover */ = {
			isa = PBXGroup;
			children = (
				F89CCA621CE470C500712D36 /* Controller */,
				F89CCA631CE470C500712D36 /* View */,
			);
			path = Discover;
			sourceTree = "<group>";
		};
		F89CCA621CE470C500712D36 /* Controller */ = {
			isa = PBXGroup;
			children = (
				F89CCA911CE4719D00712D36 /* QHCDiscoverViewController.h */,
				F89CCA921CE4719D00712D36 /* QHCDiscoverViewController.m */,
			);
			path = Controller;
			sourceTree = "<group>";
		};
		F89CCA631CE470C500712D36 /* View */ = {
			isa = PBXGroup;
			children = (
			);
			path = View;
			sourceTree = "<group>";
		};
		F89CCA641CE470C500712D36 /* Login */ = {
			isa = PBXGroup;
			children = (
				F89CCA651CE470C500712D36 /* Controller */,
				F89CCA681CE470C500712D36 /* View */,
			);
			path = Login;
			sourceTree = "<group>";
		};
		F89CCA651CE470C500712D36 /* Controller */ = {
			isa = PBXGroup;
			children = (
				F89CCA661CE470C500712D36 /* QHCLoginViewController.h */,
				F89CCA671CE470C500712D36 /* QHCLoginViewController.m */,
			);
			path = Controller;
			sourceTree = "<group>";
		};
		F89CCA681CE470C500712D36 /* View */ = {
			isa = PBXGroup;
			children = (
			);
			path = View;
			sourceTree = "<group>";
		};
		F89CCA691CE470C500712D36 /* Main */ = {
			isa = PBXGroup;
			children = (
				F89CCA6A1CE470C500712D36 /* Controller */,
				F89CCA6B1CE470C500712D36 /* View */,
			);
			path = Main;
			sourceTree = "<group>";
		};
		F89CCA6A1CE470C500712D36 /* Controller */ = {
			isa = PBXGroup;
			children = (
			);
			path = Controller;
			sourceTree = "<group>";
		};
		F89CCA6B1CE470C500712D36 /* View */ = {
			isa = PBXGroup;
			children = (
			);
			path = View;
			sourceTree = "<group>";
		};
		F89CCA6C1CE470C500712D36 /* Me */ = {
			isa = PBXGroup;
			children = (
				F89CCA941CE471EC00712D36 /* Controller */,
				F89CCA951CE471EC00712D36 /* View */,
			);
			path = Me;
			sourceTree = "<group>";
		};
		F89CCA6D1CE470C500712D36 /* Other */ = {
			isa = PBXGroup;
			children = (
				F89CCA7A1CE470C500712D36 /* TabBar */,
				F89CCA6E1CE470C500712D36 /* App */,
				F89CCA711CE470C500712D36 /* Category */,
				F89CCA741CE470C500712D36 /* Ohter */,
			);
			path = Other;
			sourceTree = "<group>";
		};
		F89CCA6E1CE470C500712D36 /* App */ = {
			isa = PBXGroup;
			children = (
				F89CCA6F1CE470C500712D36 /* AppDelegate.h */,
				F89CCA701CE470C500712D36 /* AppDelegate.m */,
			);
			path = App;
			sourceTree = "<group>";
		};
		F89CCA711CE470C500712D36 /* Category */ = {
			isa = PBXGroup;
			children = (
				F89CCA721CE470C500712D36 /* UIView+AdjustFrame.h */,
				F89CCA731CE470C500712D36 /* UIView+AdjustFrame.m */,
			);
			path = Category;
			sourceTree = "<group>";
		};
		F89CCA741CE470C500712D36 /* Ohter */ = {
			isa = PBXGroup;
			children = (
				F89CCA751CE470C500712D36 /* Assets.xcassets */,
				F89CCA761CE470C500712D36 /* Info.plist */,
				F89CCA771CE470C500712D36 /* main.m */,
				F89CCA781CE470C500712D36 /* wechat.xcdatamodeld */,
			);
			path = Ohter;
			sourceTree = "<group>";
		};
		F89CCA7A1CE470C500712D36 /* TabBar */ = {
			isa = PBXGroup;
			children = (
				F89CCA7D1CE470C500712D36 /* QHCTabBarController.h */,
				F89CCA7E1CE470C500712D36 /* QHCTabBarController.m */,
				F89CCA9B1CE4953F00712D36 /* QHCNavigationController.h */,
				F89CCA9C1CE4953F00712D36 /* QHCNavigationController.m */,
			);
			path = TabBar;
			sourceTree = "<group>";
		};
		F89CCA7F1CE470C500712D36 /* WeChat */ = {
			isa = PBXGroup;
			children = (
				F89CCA801CE470C500712D36 /* Controller */,
				F89CCA811CE470C500712D36 /* View */,
			);
			path = WeChat;
			sourceTree = "<group>";
		};
		F89CCA801CE470C500712D36 /* Controller */ = {
			isa = PBXGroup;
			children = (
				F89CCA8B1CE4717800712D36 /* QHCWeCahtViewController.h */,
				F89CCA8C1CE4717800712D36 /* QHCWeCahtViewController.m */,
			);
			path = Controller;
			sourceTree = "<group>";
		};
		F89CCA811CE470C500712D36 /* View */ = {
			isa = PBXGroup;
			children = (
			);
			path = View;
			sourceTree = "<group>";
		};
		F89CCA941CE471EC00712D36 /* Controller */ = {
			isa = PBXGroup;
			children = (
				F89CCA961CE471FF00712D36 /* QHCMeViewController.h */,
				F89CCA971CE471FF00712D36 /* QHCMeViewController.m */,
			);
			path = Controller;
			sourceTree = "<group>";
		};
		F89CCA951CE471EC00712D36 /* View */ = {
			isa = PBXGroup;
			children = (
			);
			path = View;
			sourceTree = "<group>";
		};
/* End PBXGroup section */

/* Begin PBXNativeTarget section */
		F89CCA141CE4313E00712D36 /* wechat */ = {
			isa = PBXNativeTarget;
			buildConfigurationList = F89CCA2F1CE4313E00712D36 /* Build configuration list for PBXNativeTarget "wechat" */;
			buildPhases = (
				9F00C076B5FD444DF6CA0AB6 /* 📦 Check Pods Manifest.lock */,
				F89CCA111CE4313E00712D36 /* Sources */,
				F89CCA121CE4313E00712D36 /* Frameworks */,
				F89CCA131CE4313E00712D36 /* Resources */,
				64113DFBB9C63BCA856F7294 /* 📦 Embed Pods Frameworks */,
				0C17B0578B1A0D93745B6C53 /* 📦 Copy Pods Resources */,
			);
			buildRules = (
			);
			dependencies = (
			);
			name = wechat;
			productName = wechat;
			productReference = F89CCA151CE4313E00712D36 /* wechat.app */;
			productType = "com.apple.product-type.application";
		};
/* End PBXNativeTarget section */

/* Begin PBXProject section */
		F89CCA0D1CE4313E00712D36 /* Project object */ = {
			isa = PBXProject;
			attributes = {
				CLASSPREFIX = QHC;
				LastUpgradeCheck = 0730;
				ORGANIZATIONNAME = "秦海川";
				TargetAttributes = {
					F89CCA141CE4313E00712D36 = {
						CreatedOnToolsVersion = 7.3.1;
					};
				};
			};
			buildConfigurationList = F89CCA101CE4313E00712D36 /* Build configuration list for PBXProject "wechat" */;
			compatibilityVersion = "Xcode 3.2";
			developmentRegion = English;
			hasScannedForEncodings = 0;
			knownRegions = (
				en,
				Base,
			);
			mainGroup = F89CCA0C1CE4313E00712D36;
			productRefGroup = F89CCA161CE4313E00712D36 /* Products */;
			projectDirPath = "";
			projectRoot = "";
			targets = (
				F89CCA141CE4313E00712D36 /* wechat */,
			);
		};
/* End PBXProject section */

/* Begin PBXResourcesBuildPhase section */
		F89CCA131CE4313E00712D36 /* Resources */ = {
			isa = PBXResourcesBuildPhase;
			buildActionMask = 2147483647;
			files = (
				F89CCA9A1CE4807100712D36 /* Images.xcassets in Resources */,
				F89CCA861CE470C500712D36 /* Info.plist in Resources */,
				F89CCA851CE470C500712D36 /* Assets.xcassets in Resources */,
			);
			runOnlyForDeploymentPostprocessing = 0;
		};
/* End PBXResourcesBuildPhase section */

/* Begin PBXShellScriptBuildPhase section */
		0C17B0578B1A0D93745B6C53 /* 📦 Copy Pods Resources */ = {
			isa = PBXShellScriptBuildPhase;
			buildActionMask = 2147483647;
			files = (
			);
			inputPaths = (
			);
			name = "📦 Copy Pods Resources";
			outputPaths = (
			);
			runOnlyForDeploymentPostprocessing = 0;
			shellPath = /bin/sh;
			shellScript = "\"${SRCROOT}/Pods/Target Support Files/Pods-wechat/Pods-wechat-resources.sh\"\n";
			showEnvVarsInLog = 0;
		};
		64113DFBB9C63BCA856F7294 /* 📦 Embed Pods Frameworks */ = {
			isa = PBXShellScriptBuildPhase;
			buildActionMask = 2147483647;
			files = (
			);
			inputPaths = (
			);
			name = "📦 Embed Pods Frameworks";
			outputPaths = (
			);
			runOnlyForDeploymentPostprocessing = 0;
			shellPath = /bin/sh;
			shellScript = "\"${SRCROOT}/Pods/Target Support Files/Pods-wechat/Pods-wechat-frameworks.sh\"\n";
			showEnvVarsInLog = 0;
		};
		9F00C076B5FD444DF6CA0AB6 /* 📦 Check Pods Manifest.lock */ = {
			isa = PBXShellScriptBuildPhase;
			buildActionMask = 2147483647;
			files = (
			);
			inputPaths = (
			);
			name = "📦 Check Pods Manifest.lock";
			outputPaths = (
			);
			runOnlyForDeploymentPostprocessing = 0;
			shellPath = /bin/sh;
			shellScript = "diff \"${PODS_ROOT}/../Podfile.lock\" \"${PODS_ROOT}/Manifest.lock\" > /dev/null\nif [[ $? != 0 ]] ; then\n    cat << EOM\nerror: The sandbox is not in sync with the Podfile.lock. Run 'pod install' or update your CocoaPods installation.\nEOM\n    exit 1\nfi\n";
			showEnvVarsInLog = 0;
		};
/* End PBXShellScriptBuildPhase section */

/* Begin PBXSourcesBuildPhase section */
		F89CCA111CE4313E00712D36 /* Sources */ = {
			isa = PBXSourcesBuildPhase;
			buildActionMask = 2147483647;
			files = (
				F89CCA841CE470C500712D36 /* UIView+AdjustFrame.m in Sources */,
				F89CCA8A1CE470C500712D36 /* QHCTabBarController.m in Sources */,
				F89CCA931CE4719D00712D36 /* QHCDiscoverViewController.m in Sources */,
				F89CCA831CE470C500712D36 /* AppDelegate.m in Sources */,
				F89CCAA01CE49B6E00712D36 /* QHCNewFriendsViewController.m in Sources */,
				F89CCA8D1CE4717800712D36 /* QHCWeCahtViewController.m in Sources */,
				F89CCA9D1CE4953F00712D36 /* QHCNavigationController.m in Sources */,
				F89CCA981CE471FF00712D36 /* QHCMeViewController.m in Sources */,
				F89CCA901CE4718A00712D36 /* QHCContactsViewController.m in Sources */,
				F89CCA871CE470C500712D36 /* main.m in Sources */,
				F89CCA821CE470C500712D36 /* QHCLoginViewController.m in Sources */,
				F89CCA881CE470C500712D36 /* wechat.xcdatamodeld in Sources */,
			);
			runOnlyForDeploymentPostprocessing = 0;
		};
/* End PBXSourcesBuildPhase section */

/* Begin XCBuildConfiguration section */
		F89CCA2D1CE4313E00712D36 /* Debug */ = {
			isa = XCBuildConfiguration;
			buildSettings = {
				ALWAYS_SEARCH_USER_PATHS = NO;
				CLANG_ANALYZER_NONNULL = YES;
				CLANG_CXX_LANGUAGE_STANDARD = "gnu++0x";
				CLANG_CXX_LIBRARY = "libc++";
				CLANG_ENABLE_MODULES = YES;
				CLANG_ENABLE_OBJC_ARC = YES;
				CLANG_WARN_BOOL_CONVERSION = YES;
				CLANG_WARN_CONSTANT_CONVERSION = YES;
				CLANG_WARN_DIRECT_OBJC_ISA_USAGE = YES_ERROR;
				CLANG_WARN_EMPTY_BODY = YES;
				CLANG_WARN_ENUM_CONVERSION = YES;
				CLANG_WARN_INT_CONVERSION = YES;
				CLANG_WARN_OBJC_ROOT_CLASS = YES_ERROR;
				CLANG_WARN_UNREACHABLE_CODE = YES;
				CLANG_WARN__DUPLICATE_METHOD_MATCH = YES;
				"CODE_SIGN_IDENTITY[sdk=iphoneos*]" = "iPhone Developer";
				COPY_PHASE_STRIP = NO;
				DEBUG_INFORMATION_FORMAT = dwarf;
				ENABLE_STRICT_OBJC_MSGSEND = YES;
				ENABLE_TESTABILITY = YES;
				GCC_C_LANGUAGE_STANDARD = gnu99;
				GCC_DYNAMIC_NO_PIC = NO;
				GCC_NO_COMMON_BLOCKS = YES;
				GCC_OPTIMIZATION_LEVEL = 0;
				GCC_PREPROCESSOR_DEFINITIONS = (
					"DEBUG=1",
					"$(inherited)",
				);
				GCC_WARN_64_TO_32_BIT_CONVERSION = YES;
				GCC_WARN_ABOUT_RETURN_TYPE = YES_ERROR;
				GCC_WARN_UNDECLARED_SELECTOR = YES;
				GCC_WARN_UNINITIALIZED_AUTOS = YES_AGGRESSIVE;
				GCC_WARN_UNUSED_FUNCTION = YES;
				GCC_WARN_UNUSED_VARIABLE = YES;
				IPHONEOS_DEPLOYMENT_TARGET = 9.3;
				MTL_ENABLE_DEBUG_INFO = YES;
				ONLY_ACTIVE_ARCH = YES;
				SDKROOT = iphoneos;
				TARGETED_DEVICE_FAMILY = "1,2";
			};
			name = Debug;
		};
		F89CCA2E1CE4313E00712D36 /* Release */ = {
			isa = XCBuildConfiguration;
			buildSettings = {
				ALWAYS_SEARCH_USER_PATHS = NO;
				CLANG_ANALYZER_NONNULL = YES;
				CLANG_CXX_LANGUAGE_STANDARD = "gnu++0x";
				CLANG_CXX_LIBRARY = "libc++";
				CLANG_ENABLE_MODULES = YES;
				CLANG_ENABLE_OBJC_ARC = YES;
				CLANG_WARN_BOOL_CONVERSION = YES;
				CLANG_WARN_CONSTANT_CONVERSION = YES;
				CLANG_WARN_DIRECT_OBJC_ISA_USAGE = YES_ERROR;
				CLANG_WARN_EMPTY_BODY = YES;
				CLANG_WARN_ENUM_CONVERSION = YES;
				CLANG_WARN_INT_CONVERSION = YES;
				CLANG_WARN_OBJC_ROOT_CLASS = YES_ERROR;
				CLANG_WARN_UNREACHABLE_CODE = YES;
				CLANG_WARN__DUPLICATE_METHOD_MATCH = YES;
				"CODE_SIGN_IDENTITY[sdk=iphoneos*]" = "iPhone Developer";
				COPY_PHASE_STRIP = NO;
				DEBUG_INFORMATION_FORMAT = "dwarf-with-dsym";
				ENABLE_NS_ASSERTIONS = NO;
				ENABLE_STRICT_OBJC_MSGSEND = YES;
				GCC_C_LANGUAGE_STANDARD = gnu99;
				GCC_NO_COMMON_BLOCKS = YES;
				GCC_WARN_64_TO_32_BIT_CONVERSION = YES;
				GCC_WARN_ABOUT_RETURN_TYPE = YES_ERROR;
				GCC_WARN_UNDECLARED_SELECTOR = YES;
				GCC_WARN_UNINITIALIZED_AUTOS = YES_AGGRESSIVE;
				GCC_WARN_UNUSED_FUNCTION = YES;
				GCC_WARN_UNUSED_VARIABLE = YES;
				IPHONEOS_DEPLOYMENT_TARGET = 9.3;
				MTL_ENABLE_DEBUG_INFO = NO;
				SDKROOT = iphoneos;
				TARGETED_DEVICE_FAMILY = "1,2";
				VALIDATE_PRODUCT = YES;
			};
			name = Release;
		};
		F89CCA301CE4313E00712D36 /* Debug */ = {
			isa = XCBuildConfiguration;
			baseConfigurationReference = 8221B9032F6A6EA66657BB31 /* Pods-wechat.debug.xcconfig */;
			buildSettings = {
				ASSETCATALOG_COMPILER_APPICON_NAME = AppIcon;
				ASSETCATALOG_COMPILER_LAUNCHIMAGE_NAME = "Brand Assets";
				INFOPLIST_FILE = "$(SRCROOT)/wechat/Classes/Other/Ohter/Info.plist";
				IPHONEOS_DEPLOYMENT_TARGET = 7.0;
				LD_RUNPATH_SEARCH_PATHS = "$(inherited) @executable_path/Frameworks";
				PRODUCT_BUNDLE_IDENTIFIER = QHC.wechat;
				PRODUCT_NAME = "$(TARGET_NAME)";
			};
			name = Debug;
		};
		F89CCA311CE4313E00712D36 /* Release */ = {
			isa = XCBuildConfiguration;
			baseConfigurationReference = 5F0C2FC9FDF0C71F6D801BD8 /* Pods-wechat.release.xcconfig */;
			buildSettings = {
				ASSETCATALOG_COMPILER_APPICON_NAME = AppIcon;
				ASSETCATALOG_COMPILER_LAUNCHIMAGE_NAME = "Brand Assets";
				INFOPLIST_FILE = "$(SRCROOT)/wechat/Classes/Other/Ohter/Info.plist";
				IPHONEOS_DEPLOYMENT_TARGET = 7.0;
				LD_RUNPATH_SEARCH_PATHS = "$(inherited) @executable_path/Frameworks";
				PRODUCT_BUNDLE_IDENTIFIER = QHC.wechat;
				PRODUCT_NAME = "$(TARGET_NAME)";
			};
			name = Release;
		};
/* End XCBuildConfiguration section */

/* Begin XCConfigurationList section */
		F89CCA101CE4313E00712D36 /* Build configuration list for PBXProject "wechat" */ = {
			isa = XCConfigurationList;
			buildConfigurations = (
				F89CCA2D1CE4313E00712D36 /* Debug */,
				F89CCA2E1CE4313E00712D36 /* Release */,
			);
			defaultConfigurationIsVisible = 0;
			defaultConfigurationName = Release;
		};
		F89CCA2F1CE4313E00712D36 /* Build configuration list for PBXNativeTarget "wechat" */ = {
			isa = XCConfigurationList;
			buildConfigurations = (
				F89CCA301CE4313E00712D36 /* Debug */,
				F89CCA311CE4313E00712D36 /* Release */,
			);
			defaultConfigurationIsVisible = 0;
			defaultConfigurationName = Release;
		};
/* End XCConfigurationList section */

/* Begin XCVersionGroup section */
		F89CCA781CE470C500712D36 /* wechat.xcdatamodeld */ = {
			isa = XCVersionGroup;
			children = (
				F89CCA791CE470C500712D36 /* wechat.xcdatamodel */,
			);
			currentVersion = F89CCA791CE470C500712D36 /* wechat.xcdatamodel */;
			path = wechat.xcdatamodeld;
			sourceTree = "<group>";
			versionGroupType = wrapper.xcdatamodel;
		};
/* End XCVersionGroup section */
	};
	rootObject = F89CCA0D1CE4313E00712D36 /* Project object */;
}
